
Microsoft Visual Studio Solution File, Format Version 12.00
# Visual Studio 2012
Project("{FAE04EC0-301F-11D3-BF4B-00C04F79EFBC}") = "DataAccessFramework.Configuration", "DataAccessFramework.Configuration\DataAccessFramework.Configuration.csproj", "{74FC104F-2390-44DA-9166-BE200D7CEA98}"
EndProject
Project("{FAE04EC0-301F-11D3-BF4B-00C04F79EFBC}") = "DataAccessFramework", "DataAccessFramework\DataAccessFramework.csproj", "{CBCFC644-881D-48C6-B097-90B05712C2FC}"
EndProject
Project("{2150E333-8FDC-42A3-9474-1A3956D46DE8}") = "Documents", "Documents", "{DB67445E-CAB8-48A8-84DB-D75C819B52C7}"
EndProject
Project("{2150E333-8FDC-42A3-9474-1A3956D46DE8}") = "Properties", "Properties", "{4463DFDE-4FEC-4E5A-B4C5-B558BE6A55AA}"
	ProjectSection(SolutionItems) = preProject
		..\Documents\Properties\CommonAssemblyInfo.cs = ..\Documents\Properties\CommonAssemblyInfo.cs
	EndProjectSection
EndProject
Project("{FAE04EC0-301F-11D3-BF4B-00C04F79EFBC}") = "DataAccessFramework.Tests", "DataAccessFramework.Tests\DataAccessFramework.Tests.csproj", "{0362BE14-8959-4889-9757-389C447881A5}"
EndProject
Project("{2150E333-8FDC-42A3-9474-1A3956D46DE8}") = ".nuget", ".nuget", "{D341003B-B05A-4612-9EB7-7ED158D5ACC7}"
	ProjectSection(SolutionItems) = preProject
		.nuget\packages.config = .nuget\packages.config
	EndProjectSection
EndProject
Project("{FAE04EC0-301F-11D3-BF4B-00C04F79EFBC}") = "DataAccessFramework.Entities", "DataAccessFramework.Entities\DataAccessFramework.Entities.csproj", "{96ABB01C-4530-4136-AFF3-5391943708A2}"
EndProject
Project("{FAE04EC0-301F-11D3-BF4B-00C04F79EFBC}") = "DataAccessFramework.Configuration.40", "DataAccessFramework.Configuration.40\DataAccessFramework.Configuration.40.csproj", "{FBAF4E40-7395-4932-B5A3-4851EB03ABF8}"
EndProject
Project("{FAE04EC0-301F-11D3-BF4B-00C04F79EFBC}") = "DataAccessFramework.Configuration.45", "DataAccessFramework.Configuration.45\DataAccessFramework.Configuration.45.csproj", "{F5DB6294-D7F2-4888-8519-226F110C0ABD}"
EndProject
Global
	GlobalSection(SolutionConfigurationPlatforms) = preSolution
		Debug|Any CPU = Debug|Any CPU
		Release|Any CPU = Release|Any CPU
	EndGlobalSection
	GlobalSection(ProjectConfigurationPlatforms) = postSolution
		{74FC104F-2390-44DA-9166-BE200D7CEA98}.Debug|Any CPU.ActiveCfg = Debug|Any CPU
		{74FC104F-2390-44DA-9166-BE200D7CEA98}.Debug|Any CPU.Build.0 = Debug|Any CPU
		{74FC104F-2390-44DA-9166-BE200D7CEA98}.Release|Any CPU.ActiveCfg = Release|Any CPU
		{74FC104F-2390-44DA-9166-BE200D7CEA98}.Release|Any CPU.Build.0 = Release|Any CPU
		{CBCFC644-881D-48C6-B097-90B05712C2FC}.Debug|Any CPU.ActiveCfg = Debug|Any CPU
		{CBCFC644-881D-48C6-B097-90B05712C2FC}.Debug|Any CPU.Build.0 = Debug|Any CPU
		{CBCFC644-881D-48C6-B097-90B05712C2FC}.Release|Any CPU.ActiveCfg = Release|Any CPU
		{CBCFC644-881D-48C6-B097-90B05712C2FC}.Release|Any CPU.Build.0 = Release|Any CPU
		{0362BE14-8959-4889-9757-389C447881A5}.Debug|Any CPU.ActiveCfg = Debug|Any CPU
		{0362BE14-8959-4889-9757-389C447881A5}.Debug|Any CPU.Build.0 = Debug|Any CPU
		{0362BE14-8959-4889-9757-389C447881A5}.Release|Any CPU.ActiveCfg = Release|Any CPU
		{0362BE14-8959-4889-9757-389C447881A5}.Release|Any CPU.Build.0 = Release|Any CPU
		{96ABB01C-4530-4136-AFF3-5391943708A2}.Debug|Any CPU.ActiveCfg = Debug|Any CPU
		{96ABB01C-4530-4136-AFF3-5391943708A2}.Debug|Any CPU.Build.0 = Debug|Any CPU
		{96ABB01C-4530-4136-AFF3-5391943708A2}.Release|Any CPU.ActiveCfg = Release|Any CPU
		{96ABB01C-4530-4136-AFF3-5391943708A2}.Release|Any CPU.Build.0 = Release|Any CPU
		{FBAF4E40-7395-4932-B5A3-4851EB03ABF8}.Debug|Any CPU.ActiveCfg = Debug|Any CPU
		{FBAF4E40-7395-4932-B5A3-4851EB03ABF8}.Debug|Any CPU.Build.0 = Debug|Any CPU
		{FBAF4E40-7395-4932-B5A3-4851EB03ABF8}.Release|Any CPU.ActiveCfg = Release|Any CPU
		{FBAF4E40-7395-4932-B5A3-4851EB03ABF8}.Release|Any CPU.Build.0 = Release|Any CPU
		{F5DB6294-D7F2-4888-8519-226F110C0ABD}.Debug|Any CPU.ActiveCfg = Debug|Any CPU
		{F5DB6294-D7F2-4888-8519-226F110C0ABD}.Debug|Any CPU.Build.0 = Debug|Any CPU
		{F5DB6294-D7F2-4888-8519-226F110C0ABD}.Release|Any CPU.ActiveCfg = Release|Any CPU
		{F5DB6294-D7F2-4888-8519-226F110C0ABD}.Release|Any CPU.Build.0 = Release|Any CPU
	EndGlobalSection
	GlobalSection(SolutionProperties) = preSolution
		HideSolutionNode = FALSE
	EndGlobalSection
	GlobalSection(NestedProjects) = preSolution
		{4463DFDE-4FEC-4E5A-B4C5-B558BE6A55AA} = {DB67445E-CAB8-48A8-84DB-D75C819B52C7}
	EndGlobalSection
EndGlobal
